# This file is generated by running "yarn install" inside your project.
# Manual changes might be lost - proceed with caution!

__metadata:
  version: 8
  cacheKey: 10c0

"common-util@workspace:.":
  version: 0.0.0-use.local
  resolution: "common-util@workspace:."
  dependencies:
    remeda: "npm:^2.6.0"
  languageName: unknown
  linkType: soft

"remeda@npm:2.6.0":
  version: 2.6.0
  resolution: "remeda@npm:2.6.0"
  dependencies:
    type-fest: "npm:^4.21.0"
  checksum: 10c0/af9f39cc4a3ae5aec66938df49924cb8b412f7fb21c0f1e314f9a7bbdcac24c87a2acd588403c1f50b612e67bc961adefee92d01374b4932fec19d19f07d25de
  languageName: node
  linkType: hard

"remeda@patch:remeda@npm%3A2.6.0#../patches/remeda@2.6.0.patch::locator=common-util%40workspace%3A.":
  version: 2.6.0
  resolution: "remeda@patch:remeda@npm%3A2.6.0#../patches/remeda@2.6.0.patch::version=2.6.0&hash=265059&locator=common-util%40workspace%3A."
  dependencies:
    type-fest: "npm:^4.21.0"
  checksum: 10c0/e94642dd0626870cd2b93149be87ce65e508a8a2377c08fd7bb4985407d01be32c325257645ba3e1c7a67ef8f166b58307106bc537a1f0e0197c894bf9ad8bde
  languageName: node
  linkType: hard

"type-fest@npm:^4.21.0":
  version: 4.23.0
  resolution: "type-fest@npm:4.23.0"
  checksum: 10c0/c42bb14e99329ab37983d1f188e307bf0cc705a23807d9b2268d8fb2ae781d610ac6e2058dde8f9ea2b1b8ddc77ceb578d157fa81f69f8f70aef1d42fb002996
  languageName: node
  linkType: hard
