# This file is generated by running "yarn install" inside your project.
# Manual changes might be lost - proceed with caution!

__metadata:
  version: 8
  cacheKey: 10c0

"common-util@file:../common-util::locator=my-good-app%40workspace%3A.":
  version: 0.0.0
  resolution: "common-util@file:../common-util#../common-util::hash=dafa54&locator=my-good-app%40workspace%3A."
  dependencies:
    remeda: "npm:^2.6.0"
  checksum: 10c0/8996c8a6835ff7f071d9f102169a76114754060173e1d26b101487620e33d6623961d2a220e4793a35ce90a450d53f538b3b8e2044d9ea66ff8b382121bd2926
  languageName: node
  linkType: hard

"lodash@npm:^4.17.21":
  version: 4.17.21
  resolution: "lodash@npm:4.17.21"
  checksum: 10c0/d8cbea072bb08655bb4c989da418994b073a608dffa608b09ac04b43a791b12aeae7cd7ad919aa4c925f33b48490b5cfe6c1f71d827956071dae2e7bb3a6b74c
  languageName: node
  linkType: hard

"my-good-app@workspace:.":
  version: 0.0.0-use.local
  resolution: "my-good-app@workspace:."
  dependencies:
    common-util: "file:../common-util"
    lodash: "npm:^4.17.21"
  languageName: unknown
  linkType: soft

"remeda@npm:^2.6.0":
  version: 2.6.0
  resolution: "remeda@npm:2.6.0"
  dependencies:
    type-fest: "npm:^4.21.0"
  checksum: 10c0/af9f39cc4a3ae5aec66938df49924cb8b412f7fb21c0f1e314f9a7bbdcac24c87a2acd588403c1f50b612e67bc961adefee92d01374b4932fec19d19f07d25de
  languageName: node
  linkType: hard

"type-fest@npm:^4.21.0":
  version: 4.23.0
  resolution: "type-fest@npm:4.23.0"
  checksum: 10c0/c42bb14e99329ab37983d1f188e307bf0cc705a23807d9b2268d8fb2ae781d610ac6e2058dde8f9ea2b1b8ddc77ceb578d157fa81f69f8f70aef1d42fb002996
  languageName: node
  linkType: hard
